
Microsoft Visual Studio Solution File, Format Version 12.00
# Visual Studio Version 16
VisualStudioVersion = 16.0.31112.23
MinimumVisualStudioVersion = 10.0.40219.1
Project("{FAE04EC0-301F-11D3-BF4B-00C04F79EFBC}") = "AnimalInfo.Android", "AnimalInfo.Android\AnimalInfo.Android.csproj", "{397EF52B-2BE6-444D-87F7-6B6B69264950}"
EndProject
Project("{FAE04EC0-301F-11D3-BF4B-00C04F79EFBC}") = "AnimalInfo.iOS", "AnimalInfo.iOS\AnimalInfo.iOS.csproj", "{D2CC32A7-B9F4-466F-900C-B08AA62F90F1}"
EndProject
Project("{FAE04EC0-301F-11D3-BF4B-00C04F79EFBC}") = "AnimalInfo", "AnimalInfo\AnimalInfo.csproj", "{F591D7A4-313B-47BD-AB49-E182E2E667E7}"
EndProject
Global
	GlobalSection(SolutionConfigurationPlatforms) = preSolution
		Debug|Any CPU = Debug|Any CPU
		Debug|iPhone = Debug|iPhone
		Debug|iPhoneSimulator = Debug|iPhoneSimulator
		Release|Any CPU = Release|Any CPU
		Release|iPhone = Release|iPhone
		Release|iPhoneSimulator = Release|iPhoneSimulator
	EndGlobalSection
	GlobalSection(ProjectConfigurationPlatforms) = postSolution
		{397EF52B-2BE6-444D-87F7-6B6B69264950}.Debug|Any CPU.ActiveCfg = Debug|Any CPU
		{397EF52B-2BE6-444D-87F7-6B6B69264950}.Debug|Any CPU.Build.0 = Debug|Any CPU
		{397EF52B-2BE6-444D-87F7-6B6B69264950}.Debug|Any CPU.Deploy.0 = Debug|Any CPU
		{397EF52B-2BE6-444D-87F7-6B6B69264950}.Debug|iPhone.ActiveCfg = Debug|Any CPU
		{397EF52B-2BE6-444D-87F7-6B6B69264950}.Debug|iPhone.Build.0 = Debug|Any CPU
		{397EF52B-2BE6-444D-87F7-6B6B69264950}.Debug|iPhone.Deploy.0 = Debug|Any CPU
		{397EF52B-2BE6-444D-87F7-6B6B69264950}.Debug|iPhoneSimulator.ActiveCfg = Debug|Any CPU
		{397EF52B-2BE6-444D-87F7-6B6B69264950}.Debug|iPhoneSimulator.Build.0 = Debug|Any CPU
		{397EF52B-2BE6-444D-87F7-6B6B69264950}.Debug|iPhoneSimulator.Deploy.0 = Debug|Any CPU
		{397EF52B-2BE6-444D-87F7-6B6B69264950}.Release|Any CPU.ActiveCfg = Release|Any CPU
		{397EF52B-2BE6-444D-87F7-6B6B69264950}.Release|Any CPU.Build.0 = Release|Any CPU
		{397EF52B-2BE6-444D-87F7-6B6B69264950}.Release|Any CPU.Deploy.0 = Release|Any CPU
		{397EF52B-2BE6-444D-87F7-6B6B69264950}.Release|iPhone.ActiveCfg = Release|Any CPU
		{397EF52B-2BE6-444D-87F7-6B6B69264950}.Release|iPhone.Build.0 = Release|Any CPU
		{397EF52B-2BE6-444D-87F7-6B6B69264950}.Release|iPhone.Deploy.0 = Release|Any CPU
		{397EF52B-2BE6-444D-87F7-6B6B69264950}.Release|iPhoneSimulator.ActiveCfg = Release|Any CPU
		{397EF52B-2BE6-444D-87F7-6B6B69264950}.Release|iPhoneSimulator.Build.0 = Release|Any CPU
		{397EF52B-2BE6-444D-87F7-6B6B69264950}.Release|iPhoneSimulator.Deploy.0 = Release|Any CPU
		{D2CC32A7-B9F4-466F-900C-B08AA62F90F1}.Debug|Any CPU.ActiveCfg = Debug|iPhone
		{D2CC32A7-B9F4-466F-900C-B08AA62F90F1}.Debug|Any CPU.Build.0 = Debug|iPhone
		{D2CC32A7-B9F4-466F-900C-B08AA62F90F1}.Debug|Any CPU.Deploy.0 = Debug|iPhone
		{D2CC32A7-B9F4-466F-900C-B08AA62F90F1}.Debug|iPhone.ActiveCfg = Debug|iPhone
		{D2CC32A7-B9F4-466F-900C-B08AA62F90F1}.Debug|iPhone.Build.0 = Debug|iPhone
		{D2CC32A7-B9F4-466F-900C-B08AA62F90F1}.Debug|iPhone.Deploy.0 = Debug|iPhone
		{D2CC32A7-B9F4-466F-900C-B08AA62F90F1}.Debug|iPhoneSimulator.ActiveCfg = Debug|iPhoneSimulator
		{D2CC32A7-B9F4-466F-900C-B08AA62F90F1}.Debug|iPhoneSimulator.Build.0 = Debug|iPhoneSimulator
		{D2CC32A7-B9F4-466F-900C-B08AA62F90F1}.Debug|iPhoneSimulator.Deploy.0 = Debug|iPhoneSimulator
		{D2CC32A7-B9F4-466F-900C-B08AA62F90F1}.Release|Any CPU.ActiveCfg = Release|iPhoneSimulator
		{D2CC32A7-B9F4-466F-900C-B08AA62F90F1}.Release|Any CPU.Build.0 = Release|iPhoneSimulator
		{D2CC32A7-B9F4-466F-900C-B08AA62F90F1}.Release|Any CPU.Deploy.0 = Release|iPhoneSimulator
		{D2CC32A7-B9F4-466F-900C-B08AA62F90F1}.Release|iPhone.ActiveCfg = Release|iPhone
		{D2CC32A7-B9F4-466F-900C-B08AA62F90F1}.Release|iPhone.Build.0 = Release|iPhone
		{D2CC32A7-B9F4-466F-900C-B08AA62F90F1}.Release|iPhone.Deploy.0 = Release|iPhone
		{D2CC32A7-B9F4-466F-900C-B08AA62F90F1}.Release|iPhoneSimulator.ActiveCfg = Release|iPhoneSimulator
		{D2CC32A7-B9F4-466F-900C-B08AA62F90F1}.Release|iPhoneSimulator.Build.0 = Release|iPhoneSimulator
		{D2CC32A7-B9F4-466F-900C-B08AA62F90F1}.Release|iPhoneSimulator.Deploy.0 = Release|iPhoneSimulator
		{F591D7A4-313B-47BD-AB49-E182E2E667E7}.Debug|Any CPU.ActiveCfg = Debug|Any CPU
		{F591D7A4-313B-47BD-AB49-E182E2E667E7}.Debug|Any CPU.Build.0 = Debug|Any CPU
		{F591D7A4-313B-47BD-AB49-E182E2E667E7}.Debug|Any CPU.Deploy.0 = Debug|Any CPU
		{F591D7A4-313B-47BD-AB49-E182E2E667E7}.Debug|iPhone.ActiveCfg = Debug|Any CPU
		{F591D7A4-313B-47BD-AB49-E182E2E667E7}.Debug|iPhone.Build.0 = Debug|Any CPU
		{F591D7A4-313B-47BD-AB49-E182E2E667E7}.Debug|iPhone.Deploy.0 = Debug|Any CPU
		{F591D7A4-313B-47BD-AB49-E182E2E667E7}.Debug|iPhoneSimulator.ActiveCfg = Debug|Any CPU
		{F591D7A4-313B-47BD-AB49-E182E2E667E7}.Debug|iPhoneSimulator.Build.0 = Debug|Any CPU
		{F591D7A4-313B-47BD-AB49-E182E2E667E7}.Debug|iPhoneSimulator.Deploy.0 = Debug|Any CPU
		{F591D7A4-313B-47BD-AB49-E182E2E667E7}.Release|Any CPU.ActiveCfg = Release|Any CPU
		{F591D7A4-313B-47BD-AB49-E182E2E667E7}.Release|Any CPU.Build.0 = Release|Any CPU
		{F591D7A4-313B-47BD-AB49-E182E2E667E7}.Release|Any CPU.Deploy.0 = Release|Any CPU
		{F591D7A4-313B-47BD-AB49-E182E2E667E7}.Release|iPhone.ActiveCfg = Release|Any CPU
		{F591D7A4-313B-47BD-AB49-E182E2E667E7}.Release|iPhone.Build.0 = Release|Any CPU
		{F591D7A4-313B-47BD-AB49-E182E2E667E7}.Release|iPhone.Deploy.0 = Release|Any CPU
		{F591D7A4-313B-47BD-AB49-E182E2E667E7}.Release|iPhoneSimulator.ActiveCfg = Release|Any CPU
		{F591D7A4-313B-47BD-AB49-E182E2E667E7}.Release|iPhoneSimulator.Build.0 = Release|Any CPU
		{F591D7A4-313B-47BD-AB49-E182E2E667E7}.Release|iPhoneSimulator.Deploy.0 = Release|Any CPU
	EndGlobalSection
	GlobalSection(SolutionProperties) = preSolution
		HideSolutionNode = FALSE
	EndGlobalSection
	GlobalSection(ExtensibilityGlobals) = postSolution
		SolutionGuid = {741B1D81-4389-4C7B-BDDF-6A1004642CC4}
	EndGlobalSection
EndGlobal
